
Microsoft Visual Studio Solution File, Format Version 12.00
# Visual Studio Version 16
VisualStudioVersion = 16.0.29806.167
MinimumVisualStudioVersion = 10.0.40219.1
Project("{FAE04EC0-301F-11D3-BF4B-00C04F79EFBC}") = "SignalRTest_Server", "SignalRTest_Server\SignalRTest_Server.csproj", "{CCF6CD07-2090-4A4F-BEF0-7686C499B347}"
EndProject
Project("{FAE04EC0-301F-11D3-BF4B-00C04F79EFBC}") = "SignalRTest_Client", "SignalRTest_Client\SignalRTest_Client.csproj", "{11E01219-FF93-415B-A9D6-832CAD349E05}"
EndProject
Global
	GlobalSection(SolutionConfigurationPlatforms) = preSolution
		Debug|Any CPU = Debug|Any CPU
		Release|Any CPU = Release|Any CPU
	EndGlobalSection
	GlobalSection(ProjectConfigurationPlatforms) = postSolution
		{CCF6CD07-2090-4A4F-BEF0-7686C499B347}.Debug|Any CPU.ActiveCfg = Debug|Any CPU
		{CCF6CD07-2090-4A4F-BEF0-7686C499B347}.Debug|Any CPU.Build.0 = Debug|Any CPU
		{CCF6CD07-2090-4A4F-BEF0-7686C499B347}.Release|Any CPU.ActiveCfg = Release|Any CPU
		{CCF6CD07-2090-4A4F-BEF0-7686C499B347}.Release|Any CPU.Build.0 = Release|Any CPU
		{11E01219-FF93-415B-A9D6-832CAD349E05}.Debug|Any CPU.ActiveCfg = Debug|Any CPU
		{11E01219-FF93-415B-A9D6-832CAD349E05}.Debug|Any CPU.Build.0 = Debug|Any CPU
		{11E01219-FF93-415B-A9D6-832CAD349E05}.Release|Any CPU.ActiveCfg = Release|Any CPU
		{11E01219-FF93-415B-A9D6-832CAD349E05}.Release|Any CPU.Build.0 = Release|Any CPU
	EndGlobalSection
	GlobalSection(SolutionProperties) = preSolution
		HideSolutionNode = FALSE
	EndGlobalSection
	GlobalSection(ExtensibilityGlobals) = postSolution
		SolutionGuid = {0553D0B3-C3E0-4866-8005-553DAF530726}
	EndGlobalSection
EndGlobal
